
Microsoft Visual Studio Solution File, Format Version 12.00
# Visual Studio Version 16
VisualStudioVersion = 16.0.31729.503
MinimumVisualStudioVersion = 10.0.40219.1
Project("{FAE04EC0-301F-11D3-BF4B-00C04F79EFBC}") = "ConsoleFileManeger", "ConsoleFileManeger\ConsoleFileManeger.csproj", "{28476D79-C079-41A5-B3B8-422862CE9764}"
EndProject
Global
	GlobalSection(SolutionConfigurationPlatforms) = preSolution
		Debug|Any CPU = Debug|Any CPU
		Release|Any CPU = Release|Any CPU
	EndGlobalSection
	GlobalSection(ProjectConfigurationPlatforms) = postSolution
		{28476D79-C079-41A5-B3B8-422862CE9764}.Debug|Any CPU.ActiveCfg = Debug|Any CPU
		{28476D79-C079-41A5-B3B8-422862CE9764}.Debug|Any CPU.Build.0 = Debug|Any CPU
		{28476D79-C079-41A5-B3B8-422862CE9764}.Release|Any CPU.ActiveCfg = Release|Any CPU
		{28476D79-C079-41A5-B3B8-422862CE9764}.Release|Any CPU.Build.0 = Release|Any CPU
	EndGlobalSection
	GlobalSection(SolutionProperties) = preSolution
		HideSolutionNode = FALSE
	EndGlobalSection
	GlobalSection(ExtensibilityGlobals) = postSolution
		SolutionGuid = {106D10FC-CF7D-4436-90CD-B92844AC8A1C}
	EndGlobalSection
EndGlobal
